
Microsoft Visual Studio Solution File, Format Version 12.00
# Visual Studio Version 16
VisualStudioVersion = 16.0.34407.143
MinimumVisualStudioVersion = 10.0.40219.1
Project("{FAE04EC0-301F-11D3-BF4B-00C04F79EFBC}") = "RestAPINetFramework", "RestAPINetFramework\RestAPINetFramework.csproj", "{A9370283-F6B8-43A6-A881-583F8959E970}"
EndProject
Global
	GlobalSection(SolutionConfigurationPlatforms) = preSolution
		Debug|Any CPU = Debug|Any CPU
		Release|Any CPU = Release|Any CPU
	EndGlobalSection
	GlobalSection(ProjectConfigurationPlatforms) = postSolution
		{A9370283-F6B8-43A6-A881-583F8959E970}.Debug|Any CPU.ActiveCfg = Debug|Any CPU
		{A9370283-F6B8-43A6-A881-583F8959E970}.Debug|Any CPU.Build.0 = Debug|Any CPU
		{A9370283-F6B8-43A6-A881-583F8959E970}.Release|Any CPU.ActiveCfg = Release|Any CPU
		{A9370283-F6B8-43A6-A881-583F8959E970}.Release|Any CPU.Build.0 = Release|Any CPU
	EndGlobalSection
	GlobalSection(SolutionProperties) = preSolution
		HideSolutionNode = FALSE
	EndGlobalSection
	GlobalSection(ExtensibilityGlobals) = postSolution
		SolutionGuid = {910754AD-7A01-4489-900B-BDB129521D6F}
	EndGlobalSection
EndGlobal
